
Microsoft Visual Studio Solution File, Format Version 12.00
# Visual Studio Version 17
VisualStudioVersion = 17.0.31912.275
MinimumVisualStudioVersion = 10.0.40219.1
Project("{FAE04EC0-301F-11D3-BF4B-00C04F79EFBC}") = "WebApiTemplate", "WebApiTemplate\WebApiTemplate.csproj", "{363FAB48-52E3-4E9F-B83A-06B330A69D42}"
EndProject
Project("{FAE04EC0-301F-11D3-BF4B-00C04F79EFBC}") = "Contracts", "Contracts\Contracts.csproj", "{A18896BD-BB52-4847-8F11-6E9944D7B841}"
EndProject
Project("{FAE04EC0-301F-11D3-BF4B-00C04F79EFBC}") = "LoggerService", "LoggerService\LoggerService.csproj", "{EDD382CB-F26A-44A4-AE1E-69AFD525D474}"
EndProject
Global
	GlobalSection(SolutionConfigurationPlatforms) = preSolution
		Debug|Any CPU = Debug|Any CPU
		Release|Any CPU = Release|Any CPU
	EndGlobalSection
	GlobalSection(ProjectConfigurationPlatforms) = postSolution
		{363FAB48-52E3-4E9F-B83A-06B330A69D42}.Debug|Any CPU.ActiveCfg = Debug|Any CPU
		{363FAB48-52E3-4E9F-B83A-06B330A69D42}.Debug|Any CPU.Build.0 = Debug|Any CPU
		{363FAB48-52E3-4E9F-B83A-06B330A69D42}.Release|Any CPU.ActiveCfg = Release|Any CPU
		{363FAB48-52E3-4E9F-B83A-06B330A69D42}.Release|Any CPU.Build.0 = Release|Any CPU
		{A18896BD-BB52-4847-8F11-6E9944D7B841}.Debug|Any CPU.ActiveCfg = Debug|Any CPU
		{A18896BD-BB52-4847-8F11-6E9944D7B841}.Debug|Any CPU.Build.0 = Debug|Any CPU
		{A18896BD-BB52-4847-8F11-6E9944D7B841}.Release|Any CPU.ActiveCfg = Release|Any CPU
		{A18896BD-BB52-4847-8F11-6E9944D7B841}.Release|Any CPU.Build.0 = Release|Any CPU
		{EDD382CB-F26A-44A4-AE1E-69AFD525D474}.Debug|Any CPU.ActiveCfg = Debug|Any CPU
		{EDD382CB-F26A-44A4-AE1E-69AFD525D474}.Debug|Any CPU.Build.0 = Debug|Any CPU
		{EDD382CB-F26A-44A4-AE1E-69AFD525D474}.Release|Any CPU.ActiveCfg = Release|Any CPU
		{EDD382CB-F26A-44A4-AE1E-69AFD525D474}.Release|Any CPU.Build.0 = Release|Any CPU
	EndGlobalSection
	GlobalSection(SolutionProperties) = preSolution
		HideSolutionNode = FALSE
	EndGlobalSection
	GlobalSection(ExtensibilityGlobals) = postSolution
		SolutionGuid = {846AC9B0-296C-4B62-ACB6-F0A8993CE4C0}
	EndGlobalSection
EndGlobal
